// !$*UTF8*$!
{
	archiveVersion = 1;
	classes = {
	};
	objectVersion = 50;
	objects = {

/* Begin PBXBuildFile section */
		8601CD9C2619A57D004E8140 /* eigenTestApp.swift in Sources */ = {isa = PBXBuildFile; fileRef = 8601CD892619A57B004E8140 /* eigenTestApp.swift */; };
		8601CD9D2619A57D004E8140 /* eigenTestApp.swift in Sources */ = {isa = PBXBuildFile; fileRef = 8601CD892619A57B004E8140 /* eigenTestApp.swift */; };
		8601CD9E2619A57D004E8140 /* ContentView.swift in Sources */ = {isa = PBXBuildFile; fileRef = 8601CD8A2619A57B004E8140 /* ContentView.swift */; };
		8601CD9F2619A57D004E8140 /* ContentView.swift in Sources */ = {isa = PBXBuildFile; fileRef = 8601CD8A2619A57B004E8140 /* ContentView.swift */; };
		8601CDA02619A57D004E8140 /* Assets.xcassets in Resources */ = {isa = PBXBuildFile; fileRef = 8601CD8B2619A57D004E8140 /* Assets.xcassets */; };
		8601CDA12619A57D004E8140 /* Assets.xcassets in Resources */ = {isa = PBXBuildFile; fileRef = 8601CD8B2619A57D004E8140 /* Assets.xcassets */; };
/* End PBXBuildFile section */

/* Begin PBXFileReference section */
		8601CD892619A57B004E8140 /* eigenTestApp.swift */ = {isa = PBXFileReference; lastKnownFileType = sourcecode.swift; path = eigenTestApp.swift; sourceTree = "<group>"; };
		8601CD8A2619A57B004E8140 /* ContentView.swift */ = {isa = PBXFileReference; lastKnownFileType = sourcecode.swift; path = ContentView.swift; sourceTree = "<group>"; };
		8601CD8B2619A57D004E8140 /* Assets.xcassets */ = {isa = PBXFileReference; lastKnownFileType = folder.assetcatalog; path = Assets.xcassets; sourceTree = "<group>"; };
		8601CD902619A57D004E8140 /* eigenTest.app */ = {isa = PBXFileReference; explicitFileType = wrapper.application; includeInIndex = 0; path = eigenTest.app; sourceTree = BUILT_PRODUCTS_DIR; };
		8601CD932619A57D004E8140 /* Info.plist */ = {isa = PBXFileReference; lastKnownFileType = text.plist.xml; path = Info.plist; sourceTree = "<group>"; };
		8601CD982619A57D004E8140 /* eigenTest.app */ = {isa = PBXFileReference; explicitFileType = wrapper.application; includeInIndex = 0; path = eigenTest.app; sourceTree = BUILT_PRODUCTS_DIR; };
		8601CD9A2619A57D004E8140 /* Info.plist */ = {isa = PBXFileReference; lastKnownFileType = text.plist.xml; path = Info.plist; sourceTree = "<group>"; };
		8601CD9B2619A57D004E8140 /* macOS.entitlements */ = {isa = PBXFileReference; lastKnownFileType = text.plist.entitlements; path = macOS.entitlements; sourceTree = "<group>"; };
/* End PBXFileReference section */

/* Begin PBXFrameworksBuildPhase section */
		8601CD8D2619A57D004E8140 /* Frameworks */ = {
			isa = PBXFrameworksBuildPhase;
			buildActionMask = 2147483647;
			files = (
			);
			runOnlyForDeploymentPostprocessing = 0;
		};
		8601CD952619A57D004E8140 /* Frameworks */ = {
			isa = PBXFrameworksBuildPhase;
			buildActionMask = 2147483647;
			files = (
			);
			runOnlyForDeploymentPostprocessing = 0;
		};
/* End PBXFrameworksBuildPhase section */

/* Begin PBXGroup section */
		8601CD832619A57A004E8140 = {
			isa = PBXGroup;
			children = (
				8601CD882619A57B004E8140 /* Shared */,
				8601CD922619A57D004E8140 /* iOS */,
				8601CD992619A57D004E8140 /* macOS */,
				8601CD912619A57D004E8140 /* Products */,
			);
			sourceTree = "<group>";
		};
		8601CD882619A57B004E8140 /* Shared */ = {
			isa = PBXGroup;
			children = (
				8601CD892619A57B004E8140 /* eigenTestApp.swift */,
				8601CD8A2619A57B004E8140 /* ContentView.swift */,
				8601CD8B2619A57D004E8140 /* Assets.xcassets */,
			);
			path = Shared;
			sourceTree = "<group>";
		};
		8601CD912619A57D004E8140 /* Products */ = {
			isa = PBXGroup;
			children = (
				8601CD902619A57D004E8140 /* eigenTest.app */,
				8601CD982619A57D004E8140 /* eigenTest.app */,
			);
			name = Products;
			sourceTree = "<group>";
		};
		8601CD922619A57D004E8140 /* iOS */ = {
			isa = PBXGroup;
			children = (
				8601CD932619A57D004E8140 /* Info.plist */,
			);
			path = iOS;
			sourceTree = "<group>";
		};
		8601CD992619A57D004E8140 /* macOS */ = {
			isa = PBXGroup;
			children = (
				8601CD9A2619A57D004E8140 /* Info.plist */,
				8601CD9B2619A57D004E8140 /* macOS.entitlements */,
			);
			path = macOS;
			sourceTree = "<group>";
		};
/* End PBXGroup section */

/* Begin PBXNativeTarget section */
		8601CD8F2619A57D004E8140 /* eigenTest (iOS) */ = {
			isa = PBXNativeTarget;
			buildConfigurationList = 8601CDA42619A57D004E8140 /* Build configuration list for PBXNativeTarget "eigenTest (iOS)" */;
			buildPhases = (
				8601CD8C2619A57D004E8140 /* Sources */,
				8601CD8D2619A57D004E8140 /* Frameworks */,
				8601CD8E2619A57D004E8140 /* Resources */,
			);
			buildRules = (
			);
			dependencies = (
			);
			name = "eigenTest (iOS)";
			productName = "eigenTest (iOS)";
			productReference = 8601CD902619A57D004E8140 /* eigenTest.app */;
			productType = "com.apple.product-type.application";
		};
		8601CD972619A57D004E8140 /* eigenTest (macOS) */ = {
			isa = PBXNativeTarget;
			buildConfigurationList = 8601CDA72619A57D004E8140 /* Build configuration list for PBXNativeTarget "eigenTest (macOS)" */;
			buildPhases = (
				8601CD942619A57D004E8140 /* Sources */,
				8601CD952619A57D004E8140 /* Frameworks */,
				8601CD962619A57D004E8140 /* Resources */,
			);
			buildRules = (
			);
			dependencies = (
			);
			name = "eigenTest (macOS)";
			productName = "eigenTest (macOS)";
			productReference = 8601CD982619A57D004E8140 /* eigenTest.app */;
			productType = "com.apple.product-type.application";
		};
/* End PBXNativeTarget section */

/* Begin PBXProject section */
		8601CD842619A57A004E8140 /* Project object */ = {
			isa = PBXProject;
			attributes = {
				LastSwiftUpdateCheck = 1240;
				LastUpgradeCheck = 1240;
				TargetAttributes = {
					8601CD8F2619A57D004E8140 = {
						CreatedOnToolsVersion = 12.4;
					};
					8601CD972619A57D004E8140 = {
						CreatedOnToolsVersion = 12.4;
					};
				};
			};
			buildConfigurationList = 8601CD872619A57A004E8140 /* Build configuration list for PBXProject "eigenTest" */;
			compatibilityVersion = "Xcode 9.3";
			developmentRegion = en;
			hasScannedForEncodings = 0;
			knownRegions = (
				en,
				Base,
			);
			mainGroup = 8601CD832619A57A004E8140;
			productRefGroup = 8601CD912619A57D004E8140 /* Products */;
			projectDirPath = "";
			projectRoot = "";
			targets = (
				8601CD8F2619A57D004E8140 /* eigenTest (iOS) */,
				8601CD972619A57D004E8140 /* eigenTest (macOS) */,
			);
		};
/* End PBXProject section */

/* Begin PBXResourcesBuildPhase section */
		8601CD8E2619A57D004E8140 /* Resources */ = {
			isa = PBXResourcesBuildPhase;
			buildActionMask = 2147483647;
			files = (
				8601CDA02619A57D004E8140 /* Assets.xcassets in Resources */,
			);
			runOnlyForDeploymentPostprocessing = 0;
		};
		8601CD962619A57D004E8140 /* Resources */ = {
			isa = PBXResourcesBuildPhase;
			buildActionMask = 2147483647;
			files = (
				8601CDA12619A57D004E8140 /* Assets.xcassets in Resources */,
			);
			runOnlyForDeploymentPostprocessing = 0;
		};
/* End PBXResourcesBuildPhase section */

/* Begin PBXSourcesBuildPhase section */
		8601CD8C2619A57D004E8140 /* Sources */ = {
			isa = PBXSourcesBuildPhase;
			buildActionMask = 2147483647;
			files = (
				8601CD9E2619A57D004E8140 /* ContentView.swift in Sources */,
				8601CD9C2619A57D004E8140 /* eigenTestApp.swift in Sources */,
			);
			runOnlyForDeploymentPostprocessing = 0;
		};
		8601CD942619A57D004E8140 /* Sources */ = {
			isa = PBXSourcesBuildPhase;
			buildActionMask = 2147483647;
			files = (
				8601CD9F2619A57D004E8140 /* ContentView.swift in Sources */,
				8601CD9D2619A57D004E8140 /* eigenTestApp.swift in Sources */,
			);
			runOnlyForDeploymentPostprocessing = 0;
		};
/* End PBXSourcesBuildPhase section */

/* Begin XCBuildConfiguration section */
		8601CDA22619A57D004E8140 /* Debug */ = {
			isa = XCBuildConfiguration;
			buildSettings = {
				ALWAYS_SEARCH_USER_PATHS = NO;
				CLANG_ANALYZER_NONNULL = YES;
				CLANG_ANALYZER_NUMBER_OBJECT_CONVERSION = YES_AGGRESSIVE;
				CLANG_CXX_LANGUAGE_STANDARD = "gnu++14";
				CLANG_CXX_LIBRARY = "libc++";
				CLANG_ENABLE_MODULES = YES;
				CLANG_ENABLE_OBJC_ARC = YES;
				CLANG_ENABLE_OBJC_WEAK = YES;
				CLANG_WARN_BLOCK_CAPTURE_AUTORELEASING = YES;
				CLANG_WARN_BOOL_CONVERSION = YES;
				CLANG_WARN_COMMA = YES;
				CLANG_WARN_CONSTANT_CONVERSION = YES;
				CLANG_WARN_DEPRECATED_OBJC_IMPLEMENTATIONS = YES;
				CLANG_WARN_DIRECT_OBJC_ISA_USAGE = YES_ERROR;
				CLANG_WARN_DOCUMENTATION_COMMENTS = YES;
				CLANG_WARN_EMPTY_BODY = YES;
				CLANG_WARN_ENUM_CONVERSION = YES;
				CLANG_WARN_INFINITE_RECURSION = YES;
				CLANG_WARN_INT_CONVERSION = YES;
				CLANG_WARN_NON_LITERAL_NULL_CONVERSION = YES;
				CLANG_WARN_OBJC_IMPLICIT_RETAIN_SELF = YES;
				CLANG_WARN_OBJC_LITERAL_CONVERSION = YES;
				CLANG_WARN_OBJC_ROOT_CLASS = YES_ERROR;
				CLANG_WARN_QUOTED_INCLUDE_IN_FRAMEWORK_HEADER = YES;
				CLANG_WARN_RANGE_LOOP_ANALYSIS = YES;
				CLANG_WARN_STRICT_PROTOTYPES = YES;
				CLANG_WARN_SUSPICIOUS_MOVE = YES;
				CLANG_WARN_UNGUARDED_AVAILABILITY = YES_AGGRESSIVE;
				CLANG_WARN_UNREACHABLE_CODE = YES;
				CLANG_WARN__DUPLICATE_METHOD_MATCH = YES;
				COPY_PHASE_STRIP = NO;
				DEBUG_INFORMATION_FORMAT = dwarf;
				ENABLE_STRICT_OBJC_MSGSEND = YES;
				ENABLE_TESTABILITY = YES;
				GCC_C_LANGUAGE_STANDARD = gnu11;
				GCC_DYNAMIC_NO_PIC = NO;
				GCC_NO_COMMON_BLOCKS = YES;
				GCC_OPTIMIZATION_LEVEL = 0;
				GCC_PREPROCESSOR_DEFINITIONS = (
					"DEBUG=1",
					"$(inherited)",
				);
				GCC_WARN_64_TO_32_BIT_CONVERSION = YES;
				GCC_WARN_ABOUT_RETURN_TYPE = YES_ERROR;
				GCC_WARN_UNDECLARED_SELECTOR = YES;
				GCC_WARN_UNINITIALIZED_AUTOS = YES_AGGRESSIVE;
				GCC_WARN_UNUSED_FUNCTION = YES;
				GCC_WARN_UNUSED_VARIABLE = YES;
				MTL_ENABLE_DEBUG_INFO = INCLUDE_SOURCE;
				MTL_FAST_MATH = YES;
				ONLY_ACTIVE_ARCH = YES;
				SWIFT_ACTIVE_COMPILATION_CONDITIONS = DEBUG;
				SWIFT_OPTIMIZATION_LEVEL = "-Onone";
			};
			name = Debug;
		};
		8601CDA32619A57D004E8140 /* Release */ = {
			isa = XCBuildConfiguration;
			buildSettings = {
				ALWAYS_SEARCH_USER_PATHS = NO;
				CLANG_ANALYZER_NONNULL = YES;
				CLANG_ANALYZER_NUMBER_OBJECT_CONVERSION = YES_AGGRESSIVE;
				CLANG_CXX_LANGUAGE_STANDARD = "gnu++14";
				CLANG_CXX_LIBRARY = "libc++";
				CLANG_ENABLE_MODULES = YES;
				CLANG_ENABLE_OBJC_ARC = YES;
				CLANG_ENABLE_OBJC_WEAK = YES;
				CLANG_WARN_BLOCK_CAPTURE_AUTORELEASING = YES;
				CLANG_WARN_BOOL_CONVERSION = YES;
				CLANG_WARN_COMMA = YES;
				CLANG_WARN_CONSTANT_CONVERSION = YES;
				CLANG_WARN_DEPRECATED_OBJC_IMPLEMENTATIONS = YES;
				CLANG_WARN_DIRECT_OBJC_ISA_USAGE = YES_ERROR;
				CLANG_WARN_DOCUMENTATION_COMMENTS = YES;
				CLANG_WARN_EMPTY_BODY = YES;
				CLANG_WARN_ENUM_CONVERSION = YES;
				CLANG_WARN_INFINITE_RECURSION = YES;
				CLANG_WARN_INT_CONVERSION = YES;
				CLANG_WARN_NON_LITERAL_NULL_CONVERSION = YES;
				CLANG_WARN_OBJC_IMPLICIT_RETAIN_SELF = YES;
				CLANG_WARN_OBJC_LITERAL_CONVERSION = YES;
				CLANG_WARN_OBJC_ROOT_CLASS = YES_ERROR;
				CLANG_WARN_QUOTED_INCLUDE_IN_FRAMEWORK_HEADER = YES;
				CLANG_WARN_RANGE_LOOP_ANALYSIS = YES;
				CLANG_WARN_STRICT_PROTOTYPES = YES;
				CLANG_WARN_SUSPICIOUS_MOVE = YES;
				CLANG_WARN_UNGUARDED_AVAILABILITY = YES_AGGRESSIVE;
				CLANG_WARN_UNREACHABLE_CODE = YES;
				CLANG_WARN__DUPLICATE_METHOD_MATCH = YES;
				COPY_PHASE_STRIP = NO;
				DEBUG_INFORMATION_FORMAT = "dwarf-with-dsym";
				ENABLE_NS_ASSERTIONS = NO;
				ENABLE_STRICT_OBJC_MSGSEND = YES;
				GCC_C_LANGUAGE_STANDARD = gnu11;
				GCC_NO_COMMON_BLOCKS = YES;
				GCC_WARN_64_TO_32_BIT_CONVERSION = YES;
				GCC_WARN_ABOUT_RETURN_TYPE = YES_ERROR;
				GCC_WARN_UNDECLARED_SELECTOR = YES;
				GCC_WARN_UNINITIALIZED_AUTOS = YES_AGGRESSIVE;
				GCC_WARN_UNUSED_FUNCTION = YES;
				GCC_WARN_UNUSED_VARIABLE = YES;
				MTL_ENABLE_DEBUG_INFO = NO;
				MTL_FAST_MATH = YES;
				SWIFT_COMPILATION_MODE = wholemodule;
				SWIFT_OPTIMIZATION_LEVEL = "-O";
			};
			name = Release;
		};
		8601CDA52619A57D004E8140 /* Debug */ = {
			isa = XCBuildConfiguration;
			buildSettings = {
				ASSETCATALOG_COMPILER_APPICON_NAME = AppIcon;
				ASSETCATALOG_COMPILER_GLOBAL_ACCENT_COLOR_NAME = AccentColor;
				CODE_SIGN_STYLE = Automatic;
				DEVELOPMENT_TEAM = JQRW8D24U4;
				ENABLE_PREVIEWS = YES;
				INFOPLIST_FILE = iOS/Info.plist;
				IPHONEOS_DEPLOYMENT_TARGET = 14.0;
				LD_RUNPATH_SEARCH_PATHS = (
					"$(inherited)",
					"@executable_path/Frameworks",
				);
				PRODUCT_BUNDLE_IDENTIFIER = com.tr.eigenTest;
				PRODUCT_NAME = eigenTest;
				SDKROOT = iphoneos;
				SWIFT_VERSION = 5.0;
				TARGETED_DEVICE_FAMILY = "1,2";
			};
			name = Debug;
		};
		8601CDA62619A57D004E8140 /* Release */ = {
			isa = XCBuildConfiguration;
			buildSettings = {
				ASSETCATALOG_COMPILER_APPICON_NAME = AppIcon;
				ASSETCATALOG_COMPILER_GLOBAL_ACCENT_COLOR_NAME = AccentColor;
				CODE_SIGN_STYLE = Automatic;
				DEVELOPMENT_TEAM = JQRW8D24U4;
				ENABLE_PREVIEWS = YES;
				INFOPLIST_FILE = iOS/Info.plist;
				IPHONEOS_DEPLOYMENT_TARGET = 14.0;
				LD_RUNPATH_SEARCH_PATHS = (
					"$(inherited)",
					"@executable_path/Frameworks",
				);
				PRODUCT_BUNDLE_IDENTIFIER = com.tr.eigenTest;
				PRODUCT_NAME = eigenTest;
				SDKROOT = iphoneos;
				SWIFT_VERSION = 5.0;
				TARGETED_DEVICE_FAMILY = "1,2";
				VALIDATE_PRODUCT = YES;
			};
			name = Release;
		};
		8601CDA82619A57D004E8140 /* Debug */ = {
			isa = XCBuildConfiguration;
			buildSettings = {
				ASSETCATALOG_COMPILER_APPICON_NAME = AppIcon;
				ASSETCATALOG_COMPILER_GLOBAL_ACCENT_COLOR_NAME = AccentColor;
				CODE_SIGN_ENTITLEMENTS = macOS/macOS.entitlements;
				CODE_SIGN_STYLE = Automatic;
				COMBINE_HIDPI_IMAGES = YES;
				DEVELOPMENT_TEAM = JQRW8D24U4;
				ENABLE_HARDENED_RUNTIME = YES;
				ENABLE_PREVIEWS = YES;
				INFOPLIST_FILE = macOS/Info.plist;
				LD_RUNPATH_SEARCH_PATHS = (
					"$(inherited)",
					"@executable_path/../Frameworks",
				);
				MACOSX_DEPLOYMENT_TARGET = 11.0;
				PRODUCT_BUNDLE_IDENTIFIER = com.tr.eigenTest;
				PRODUCT_NAME = eigenTest;
				SDKROOT = macosx;
				SWIFT_VERSION = 5.0;
			};
			name = Debug;
		};
		8601CDA92619A57D004E8140 /* Release */ = {
			isa = XCBuildConfiguration;
			buildSettings = {
				ASSETCATALOG_COMPILER_APPICON_NAME = AppIcon;
				ASSETCATALOG_COMPILER_GLOBAL_ACCENT_COLOR_NAME = AccentColor;
				CODE_SIGN_ENTITLEMENTS = macOS/macOS.entitlements;
				CODE_SIGN_STYLE = Automatic;
				COMBINE_HIDPI_IMAGES = YES;
				DEVELOPMENT_TEAM = JQRW8D24U4;
				ENABLE_HARDENED_RUNTIME = YES;
				ENABLE_PREVIEWS = YES;
				INFOPLIST_FILE = macOS/Info.plist;
				LD_RUNPATH_SEARCH_PATHS = (
					"$(inherited)",
					"@executable_path/../Frameworks",
				);
				MACOSX_DEPLOYMENT_TARGET = 11.0;
				PRODUCT_BUNDLE_IDENTIFIER = com.tr.eigenTest;
				PRODUCT_NAME = eigenTest;
				SDKROOT = macosx;
				SWIFT_VERSION = 5.0;
			};
			name = Release;
		};
/* End XCBuildConfiguration section */

/* Begin XCConfigurationList section */
		8601CD872619A57A004E8140 /* Build configuration list for PBXProject "eigenTest" */ = {
			isa = XCConfigurationList;
			buildConfigurations = (
				8601CDA22619A57D004E8140 /* Debug */,
				8601CDA32619A57D004E8140 /* Release */,
			);
			defaultConfigurationIsVisible = 0;
			defaultConfigurationName = Release;
		};
		8601CDA42619A57D004E8140 /* Build configuration list for PBXNativeTarget "eigenTest (iOS)" */ = {
			isa = XCConfigurationList;
			buildConfigurations = (
				8601CDA52619A57D004E8140 /* Debug */,
				8601CDA62619A57D004E8140 /* Release */,
			);
			defaultConfigurationIsVisible = 0;
			defaultConfigurationName = Release;
		};
		8601CDA72619A57D004E8140 /* Build configuration list for PBXNativeTarget "eigenTest (macOS)" */ = {
			isa = XCConfigurationList;
			buildConfigurations = (
				8601CDA82619A57D004E8140 /* Debug */,
				8601CDA92619A57D004E8140 /* Release */,
			);
			defaultConfigurationIsVisible = 0;
			defaultConfigurationName = Release;
		};
/* End XCConfigurationList section */
	};
	rootObject = 8601CD842619A57A004E8140 /* Project object */;
}
